// !$*UTF8*$!
{
	archiveVersion = 1;
	classes = {
	};
	objectVersion = 51;
	objects = {

/* Begin PBXBuildFile section */
		2BC656FAE35AF49FFDEB4BD4 /* Pods_snuboard.framework in Frameworks */ = {isa = PBXBuildFile; fileRef = 94AF6BE5254D6A7612AF5888 /* Pods_snuboard.framework */; };
		521D0CA2314B762AC91382CA /* Pods_snuboard_snuboardUITests.framework in Frameworks */ = {isa = PBXBuildFile; fileRef = 2EB9CEA3CFC6A431D0ABB18D /* Pods_snuboard_snuboardUITests.framework */; };
		6631A27C60AF097ED86D2AF2 /* Pods_snuboardTests.framework in Frameworks */ = {isa = PBXBuildFile; fileRef = 8D39AA2F7FCB0491E280803E /* Pods_snuboardTests.framework */; };
		CC7FF35726E25E3E00B16CF5 /* VersionInfo.swift in Sources */ = {isa = PBXBuildFile; fileRef = CC7FF35626E25E3E00B16CF5 /* VersionInfo.swift */; };
		CCC9BAA726E88469000C5336 /* DeveloperData.swift in Sources */ = {isa = PBXBuildFile; fileRef = CCC9BAA626E88469000C5336 /* DeveloperData.swift */; };
		CCC9BAA926E884A9000C5336 /* PrivacyPolicy.swift in Sources */ = {isa = PBXBuildFile; fileRef = CCC9BAA826E884A9000C5336 /* PrivacyPolicy.swift */; };
		CCC9BAAB26E885E9000C5336 /* Developer.swift in Sources */ = {isa = PBXBuildFile; fileRef = CCC9BAAA26E885E9000C5336 /* Developer.swift */; };
		CCC9BAAD26E886E3000C5336 /* DeveloperInfoView.swift in Sources */ = {isa = PBXBuildFile; fileRef = CCC9BAAC26E886E3000C5336 /* DeveloperInfoView.swift */; };
		CCC9BAB026E888CB000C5336 /* NotificationList.swift in Sources */ = {isa = PBXBuildFile; fileRef = CCC9BAAF26E888CB000C5336 /* NotificationList.swift */; };
		CCC9BAB326E88BCC000C5336 /* DepartmentListView.swift in Sources */ = {isa = PBXBuildFile; fileRef = CCC9BAB226E88BCC000C5336 /* DepartmentListView.swift */; };
		CCC9BAB626E89334000C5336 /* DepartmentNoticeAPI.swift in Sources */ = {isa = PBXBuildFile; fileRef = CCC9BAB526E89334000C5336 /* DepartmentNoticeAPI.swift */; };
		CCD0B32726DCF0D600439A74 /* AppDelegate.swift in Sources */ = {isa = PBXBuildFile; fileRef = CCD0B32626DCF0D600439A74 /* AppDelegate.swift */; };
		CCD0B32926DCF0D600439A74 /* SceneDelegate.swift in Sources */ = {isa = PBXBuildFile; fileRef = CCD0B32826DCF0D600439A74 /* SceneDelegate.swift */; };
		CCD0B32D26DCF0D900439A74 /* Assets.xcassets in Resources */ = {isa = PBXBuildFile; fileRef = CCD0B32C26DCF0D900439A74 /* Assets.xcassets */; };
		CCD0B33026DCF0D900439A74 /* Preview Assets.xcassets in Resources */ = {isa = PBXBuildFile; fileRef = CCD0B32F26DCF0D900439A74 /* Preview Assets.xcassets */; };
		CCD0B33326DCF0D900439A74 /* LaunchScreen.storyboard in Resources */ = {isa = PBXBuildFile; fileRef = CCD0B33126DCF0D900439A74 /* LaunchScreen.storyboard */; };
		CCD0B33E26DCF0D900439A74 /* snuboardTests.swift in Sources */ = {isa = PBXBuildFile; fileRef = CCD0B33D26DCF0D900439A74 /* snuboardTests.swift */; };
		CCD0B34926DCF0D900439A74 /* snuboardUITests.swift in Sources */ = {isa = PBXBuildFile; fileRef = CCD0B34826DCF0D900439A74 /* snuboardUITests.swift */; };
		CCD0B35926DCF2D600439A74 /* Colours.xcassets in Resources */ = {isa = PBXBuildFile; fileRef = CCD0B35826DCF2D600439A74 /* Colours.xcassets */; };
		CCD0B36226DCF7F500439A74 /* ButtonModifiers.swift in Sources */ = {isa = PBXBuildFile; fileRef = CCD0B36126DCF7F500439A74 /* ButtonModifiers.swift */; };
		CCD0B36526DCF98C00439A74 /* Const.swift in Sources */ = {isa = PBXBuildFile; fileRef = CCD0B36426DCF98C00439A74 /* Const.swift */; };
		CCD0B36726DCF99C00439A74 /* Colors.swift in Sources */ = {isa = PBXBuildFile; fileRef = CCD0B36626DCF99C00439A74 /* Colors.swift */; };
		CCD0B36A26DD240400439A74 /* GoogleService-Info.plist in Resources */ = {isa = PBXBuildFile; fileRef = CCD0B36926DD240400439A74 /* GoogleService-Info.plist */; };
		CCD0B36C26DD2CB800439A74 /* LaunchView.swift in Sources */ = {isa = PBXBuildFile; fileRef = CCD0B36B26DD2CB800439A74 /* LaunchView.swift */; };
		CCD0B36E26DD2EF200439A74 /* ImageModifiers.swift in Sources */ = {isa = PBXBuildFile; fileRef = CCD0B36D26DD2EF200439A74 /* ImageModifiers.swift */; };
		CCD0B37126DD325900439A74 /* PolicyAgree.swift in Sources */ = {isa = PBXBuildFile; fileRef = CCD0B37026DD325900439A74 /* PolicyAgree.swift */; };
		CCD0B37426DD338300439A74 /* HTMLView.swift in Sources */ = {isa = PBXBuildFile; fileRef = CCD0B37326DD338300439A74 /* HTMLView.swift */; };
		CCD0B37826DD3A4100439A74 /* UserDataModel.swift in Sources */ = {isa = PBXBuildFile; fileRef = CCD0B37726DD3A4100439A74 /* UserDataModel.swift */; };
		CCD0B37A26DD3AAF00439A74 /* BaseAPI.swift in Sources */ = {isa = PBXBuildFile; fileRef = CCD0B37926DD3AAF00439A74 /* BaseAPI.swift */; };
		CCD0B37C26DD3BAE00439A74 /* AuthAPI.swift in Sources */ = {isa = PBXBuildFile; fileRef = CCD0B37B26DD3BAE00439A74 /* AuthAPI.swift */; };
		CCD0B37E26E2102C00439A74 /* NavigationBarModifiers.swift in Sources */ = {isa = PBXBuildFile; fileRef = CCD0B37D26E2102C00439A74 /* NavigationBarModifiers.swift */; };
		CCD0B38126E21B8900439A74 /* KeychainService.swift in Sources */ = {isa = PBXBuildFile; fileRef = CCD0B38026E21B8900439A74 /* KeychainService.swift */; };
		CCD0B38326E21BBF00439A74 /* TokenUtils.swift in Sources */ = {isa = PBXBuildFile; fileRef = CCD0B38226E21BBF00439A74 /* TokenUtils.swift */; };
		CCD0B38626E21CAC00439A74 /* SignUpViewModel.swift in Sources */ = {isa = PBXBuildFile; fileRef = CCD0B38526E21CAC00439A74 /* SignUpViewModel.swift */; };
		CCD0B38926E2206800439A74 /* ActivityIndicator.swift in Sources */ = {isa = PBXBuildFile; fileRef = CCD0B38826E2206800439A74 /* ActivityIndicator.swift */; };
		CCD0B38B26E220B000439A74 /* ActivityIndicatorView.swift in Sources */ = {isa = PBXBuildFile; fileRef = CCD0B38A26E220B000439A74 /* ActivityIndicatorView.swift */; };
		CCD0B38D26E2211D00439A74 /* EnvModel.swift in Sources */ = {isa = PBXBuildFile; fileRef = CCD0B38C26E2211D00439A74 /* EnvModel.swift */; };
		CCD0B38F26E236EE00439A74 /* HomeTabView.swift in Sources */ = {isa = PBXBuildFile; fileRef = CCD0B38E26E236EE00439A74 /* HomeTabView.swift */; };
		CCD0B39326E2380800439A74 /* DrawerContent.swift in Sources */ = {isa = PBXBuildFile; fileRef = CCD0B39226E2380800439A74 /* DrawerContent.swift */; };
		CCD0B39626E2384200439A74 /* NavigationDrawer.swift in Sources */ = {isa = PBXBuildFile; fileRef = CCD0B39526E2384200439A74 /* NavigationDrawer.swift */; };
		CCD0B3F926E2457200439A74 /* FeedView.swift in Sources */ = {isa = PBXBuildFile; fileRef = CCD0B3F826E2457200439A74 /* FeedView.swift */; };
/* End PBXBuildFile section */

/* Begin PBXContainerItemProxy section */
		CCD0B33A26DCF0D900439A74 /* PBXContainerItemProxy */ = {
			isa = PBXContainerItemProxy;
			containerPortal = CCD0B31B26DCF0D600439A74 /* Project object */;
			proxyType = 1;
			remoteGlobalIDString = CCD0B32226DCF0D600439A74;
			remoteInfo = snuboard;
		};
		CCD0B34526DCF0D900439A74 /* PBXContainerItemProxy */ = {
			isa = PBXContainerItemProxy;
			containerPortal = CCD0B31B26DCF0D600439A74 /* Project object */;
			proxyType = 1;
			remoteGlobalIDString = CCD0B32226DCF0D600439A74;
			remoteInfo = snuboard;
		};
/* End PBXContainerItemProxy section */

/* Begin PBXFileReference section */
		2EB9CEA3CFC6A431D0ABB18D /* Pods_snuboard_snuboardUITests.framework */ = {isa = PBXFileReference; explicitFileType = wrapper.framework; includeInIndex = 0; path = Pods_snuboard_snuboardUITests.framework; sourceTree = BUILT_PRODUCTS_DIR; };
		5C5D31F06B0390B22637DB95 /* Pods-snuboardTests.debug.xcconfig */ = {isa = PBXFileReference; includeInIndex = 1; lastKnownFileType = text.xcconfig; name = "Pods-snuboardTests.debug.xcconfig"; path = "Target Support Files/Pods-snuboardTests/Pods-snuboardTests.debug.xcconfig"; sourceTree = "<group>"; };
		71813F9A759432122E2CCE83 /* Pods-snuboard.release.xcconfig */ = {isa = PBXFileReference; includeInIndex = 1; lastKnownFileType = text.xcconfig; name = "Pods-snuboard.release.xcconfig"; path = "Target Support Files/Pods-snuboard/Pods-snuboard.release.xcconfig"; sourceTree = "<group>"; };
		767F64B1E43EF4967953AEB6 /* Pods-snuboard.debug.xcconfig */ = {isa = PBXFileReference; includeInIndex = 1; lastKnownFileType = text.xcconfig; name = "Pods-snuboard.debug.xcconfig"; path = "Target Support Files/Pods-snuboard/Pods-snuboard.debug.xcconfig"; sourceTree = "<group>"; };
		8D39AA2F7FCB0491E280803E /* Pods_snuboardTests.framework */ = {isa = PBXFileReference; explicitFileType = wrapper.framework; includeInIndex = 0; path = Pods_snuboardTests.framework; sourceTree = BUILT_PRODUCTS_DIR; };
		94AF6BE5254D6A7612AF5888 /* Pods_snuboard.framework */ = {isa = PBXFileReference; explicitFileType = wrapper.framework; includeInIndex = 0; path = Pods_snuboard.framework; sourceTree = BUILT_PRODUCTS_DIR; };
		B2FCB8306D40BED4793B840B /* Pods-snuboard-snuboardUITests.debug.xcconfig */ = {isa = PBXFileReference; includeInIndex = 1; lastKnownFileType = text.xcconfig; name = "Pods-snuboard-snuboardUITests.debug.xcconfig"; path = "Target Support Files/Pods-snuboard-snuboardUITests/Pods-snuboard-snuboardUITests.debug.xcconfig"; sourceTree = "<group>"; };
		CC7FF35626E25E3E00B16CF5 /* VersionInfo.swift */ = {isa = PBXFileReference; lastKnownFileType = sourcecode.swift; path = VersionInfo.swift; sourceTree = "<group>"; };
		CCC9BAA626E88469000C5336 /* DeveloperData.swift */ = {isa = PBXFileReference; lastKnownFileType = sourcecode.swift; path = DeveloperData.swift; sourceTree = "<group>"; };
		CCC9BAA826E884A9000C5336 /* PrivacyPolicy.swift */ = {isa = PBXFileReference; lastKnownFileType = sourcecode.swift; path = PrivacyPolicy.swift; sourceTree = "<group>"; };
		CCC9BAAA26E885E9000C5336 /* Developer.swift */ = {isa = PBXFileReference; lastKnownFileType = sourcecode.swift; path = Developer.swift; sourceTree = "<group>"; };
		CCC9BAAC26E886E3000C5336 /* DeveloperInfoView.swift */ = {isa = PBXFileReference; lastKnownFileType = sourcecode.swift; path = DeveloperInfoView.swift; sourceTree = "<group>"; };
		CCC9BAAF26E888CB000C5336 /* NotificationList.swift */ = {isa = PBXFileReference; lastKnownFileType = sourcecode.swift; path = NotificationList.swift; sourceTree = "<group>"; };
		CCC9BAB226E88BCC000C5336 /* DepartmentListView.swift */ = {isa = PBXFileReference; lastKnownFileType = sourcecode.swift; path = DepartmentListView.swift; sourceTree = "<group>"; };
		CCC9BAB526E89334000C5336 /* DepartmentNoticeAPI.swift */ = {isa = PBXFileReference; lastKnownFileType = sourcecode.swift; path = DepartmentNoticeAPI.swift; sourceTree = "<group>"; };
		CCD0B32326DCF0D600439A74 /* snuboard.app */ = {isa = PBXFileReference; explicitFileType = wrapper.application; includeInIndex = 0; path = snuboard.app; sourceTree = BUILT_PRODUCTS_DIR; };
		CCD0B32626DCF0D600439A74 /* AppDelegate.swift */ = {isa = PBXFileReference; lastKnownFileType = sourcecode.swift; path = AppDelegate.swift; sourceTree = "<group>"; };
		CCD0B32826DCF0D600439A74 /* SceneDelegate.swift */ = {isa = PBXFileReference; lastKnownFileType = sourcecode.swift; path = SceneDelegate.swift; sourceTree = "<group>"; };
		CCD0B32C26DCF0D900439A74 /* Assets.xcassets */ = {isa = PBXFileReference; lastKnownFileType = folder.assetcatalog; path = Assets.xcassets; sourceTree = "<group>"; };
		CCD0B32F26DCF0D900439A74 /* Preview Assets.xcassets */ = {isa = PBXFileReference; lastKnownFileType = folder.assetcatalog; path = "Preview Assets.xcassets"; sourceTree = "<group>"; };
		CCD0B33226DCF0D900439A74 /* Base */ = {isa = PBXFileReference; lastKnownFileType = file.storyboard; name = Base; path = Base.lproj/LaunchScreen.storyboard; sourceTree = "<group>"; };
		CCD0B33426DCF0D900439A74 /* Info.plist */ = {isa = PBXFileReference; lastKnownFileType = text.plist.xml; path = Info.plist; sourceTree = "<group>"; };
		CCD0B33926DCF0D900439A74 /* snuboardTests.xctest */ = {isa = PBXFileReference; explicitFileType = wrapper.cfbundle; includeInIndex = 0; path = snuboardTests.xctest; sourceTree = BUILT_PRODUCTS_DIR; };
		CCD0B33D26DCF0D900439A74 /* snuboardTests.swift */ = {isa = PBXFileReference; lastKnownFileType = sourcecode.swift; path = snuboardTests.swift; sourceTree = "<group>"; };
		CCD0B33F26DCF0D900439A74 /* Info.plist */ = {isa = PBXFileReference; lastKnownFileType = text.plist.xml; path = Info.plist; sourceTree = "<group>"; };
		CCD0B34426DCF0D900439A74 /* snuboardUITests.xctest */ = {isa = PBXFileReference; explicitFileType = wrapper.cfbundle; includeInIndex = 0; path = snuboardUITests.xctest; sourceTree = BUILT_PRODUCTS_DIR; };
		CCD0B34826DCF0D900439A74 /* snuboardUITests.swift */ = {isa = PBXFileReference; lastKnownFileType = sourcecode.swift; path = snuboardUITests.swift; sourceTree = "<group>"; };
		CCD0B34A26DCF0D900439A74 /* Info.plist */ = {isa = PBXFileReference; lastKnownFileType = text.plist.xml; path = Info.plist; sourceTree = "<group>"; };
		CCD0B35826DCF2D600439A74 /* Colours.xcassets */ = {isa = PBXFileReference; lastKnownFileType = folder.assetcatalog; path = Colours.xcassets; sourceTree = "<group>"; };
		CCD0B36126DCF7F500439A74 /* ButtonModifiers.swift */ = {isa = PBXFileReference; lastKnownFileType = sourcecode.swift; path = ButtonModifiers.swift; sourceTree = "<group>"; };
		CCD0B36426DCF98C00439A74 /* Const.swift */ = {isa = PBXFileReference; lastKnownFileType = sourcecode.swift; path = Const.swift; sourceTree = "<group>"; };
		CCD0B36626DCF99C00439A74 /* Colors.swift */ = {isa = PBXFileReference; lastKnownFileType = sourcecode.swift; path = Colors.swift; sourceTree = "<group>"; };
		CCD0B36826DD1DA700439A74 /* snuboard.entitlements */ = {isa = PBXFileReference; lastKnownFileType = text.plist.entitlements; path = snuboard.entitlements; sourceTree = "<group>"; };
		CCD0B36926DD240400439A74 /* GoogleService-Info.plist */ = {isa = PBXFileReference; fileEncoding = 4; lastKnownFileType = text.plist.xml; path = "GoogleService-Info.plist"; sourceTree = "<group>"; };
		CCD0B36B26DD2CB800439A74 /* LaunchView.swift */ = {isa = PBXFileReference; lastKnownFileType = sourcecode.swift; path = LaunchView.swift; sourceTree = "<group>"; };
		CCD0B36D26DD2EF200439A74 /* ImageModifiers.swift */ = {isa = PBXFileReference; lastKnownFileType = sourcecode.swift; path = ImageModifiers.swift; sourceTree = "<group>"; };
		CCD0B37026DD325900439A74 /* PolicyAgree.swift */ = {isa = PBXFileReference; lastKnownFileType = sourcecode.swift; path = PolicyAgree.swift; sourceTree = "<group>"; };
		CCD0B37326DD338300439A74 /* HTMLView.swift */ = {isa = PBXFileReference; lastKnownFileType = sourcecode.swift; path = HTMLView.swift; sourceTree = "<group>"; };
		CCD0B37726DD3A4100439A74 /* UserDataModel.swift */ = {isa = PBXFileReference; lastKnownFileType = sourcecode.swift; path = UserDataModel.swift; sourceTree = "<group>"; };
		CCD0B37926DD3AAF00439A74 /* BaseAPI.swift */ = {isa = PBXFileReference; lastKnownFileType = sourcecode.swift; path = BaseAPI.swift; sourceTree = "<group>"; };
		CCD0B37B26DD3BAE00439A74 /* AuthAPI.swift */ = {isa = PBXFileReference; lastKnownFileType = sourcecode.swift; path = AuthAPI.swift; sourceTree = "<group>"; };
		CCD0B37D26E2102C00439A74 /* NavigationBarModifiers.swift */ = {isa = PBXFileReference; lastKnownFileType = sourcecode.swift; path = NavigationBarModifiers.swift; sourceTree = "<group>"; };
		CCD0B38026E21B8900439A74 /* KeychainService.swift */ = {isa = PBXFileReference; lastKnownFileType = sourcecode.swift; path = KeychainService.swift; sourceTree = "<group>"; };
		CCD0B38226E21BBF00439A74 /* TokenUtils.swift */ = {isa = PBXFileReference; lastKnownFileType = sourcecode.swift; path = TokenUtils.swift; sourceTree = "<group>"; };
		CCD0B38526E21CAC00439A74 /* SignUpViewModel.swift */ = {isa = PBXFileReference; lastKnownFileType = sourcecode.swift; path = SignUpViewModel.swift; sourceTree = "<group>"; };
		CCD0B38826E2206800439A74 /* ActivityIndicator.swift */ = {isa = PBXFileReference; lastKnownFileType = sourcecode.swift; path = ActivityIndicator.swift; sourceTree = "<group>"; };
		CCD0B38A26E220B000439A74 /* ActivityIndicatorView.swift */ = {isa = PBXFileReference; lastKnownFileType = sourcecode.swift; path = ActivityIndicatorView.swift; sourceTree = "<group>"; };
		CCD0B38C26E2211D00439A74 /* EnvModel.swift */ = {isa = PBXFileReference; lastKnownFileType = sourcecode.swift; path = EnvModel.swift; sourceTree = "<group>"; };
		CCD0B38E26E236EE00439A74 /* HomeTabView.swift */ = {isa = PBXFileReference; lastKnownFileType = sourcecode.swift; path = HomeTabView.swift; sourceTree = "<group>"; };
		CCD0B39226E2380800439A74 /* DrawerContent.swift */ = {isa = PBXFileReference; lastKnownFileType = sourcecode.swift; path = DrawerContent.swift; sourceTree = "<group>"; };
		CCD0B39526E2384200439A74 /* NavigationDrawer.swift */ = {isa = PBXFileReference; lastKnownFileType = sourcecode.swift; path = NavigationDrawer.swift; sourceTree = "<group>"; };
		CCD0B3F826E2457200439A74 /* FeedView.swift */ = {isa = PBXFileReference; lastKnownFileType = sourcecode.swift; path = FeedView.swift; sourceTree = "<group>"; };
		D2597FF70741EAE2F231CECA /* Pods-snuboard-snuboardUITests.release.xcconfig */ = {isa = PBXFileReference; includeInIndex = 1; lastKnownFileType = text.xcconfig; name = "Pods-snuboard-snuboardUITests.release.xcconfig"; path = "Target Support Files/Pods-snuboard-snuboardUITests/Pods-snuboard-snuboardUITests.release.xcconfig"; sourceTree = "<group>"; };
		D57F86D6497B39D576239C66 /* Pods-snuboardTests.release.xcconfig */ = {isa = PBXFileReference; includeInIndex = 1; lastKnownFileType = text.xcconfig; name = "Pods-snuboardTests.release.xcconfig"; path = "Target Support Files/Pods-snuboardTests/Pods-snuboardTests.release.xcconfig"; sourceTree = "<group>"; };
/* End PBXFileReference section */

/* Begin PBXFrameworksBuildPhase section */
		CCD0B32026DCF0D600439A74 /* Frameworks */ = {
			isa = PBXFrameworksBuildPhase;
			buildActionMask = 2147483647;
			files = (
				2BC656FAE35AF49FFDEB4BD4 /* Pods_snuboard.framework in Frameworks */,
			);
			runOnlyForDeploymentPostprocessing = 0;
		};
		CCD0B33626DCF0D900439A74 /* Frameworks */ = {
			isa = PBXFrameworksBuildPhase;
			buildActionMask = 2147483647;
			files = (
				6631A27C60AF097ED86D2AF2 /* Pods_snuboardTests.framework in Frameworks */,
			);
			runOnlyForDeploymentPostprocessing = 0;
		};
		CCD0B34126DCF0D900439A74 /* Frameworks */ = {
			isa = PBXFrameworksBuildPhase;
			buildActionMask = 2147483647;
			files = (
				521D0CA2314B762AC91382CA /* Pods_snuboard_snuboardUITests.framework in Frameworks */,
			);
			runOnlyForDeploymentPostprocessing = 0;
		};
/* End PBXFrameworksBuildPhase section */

/* Begin PBXGroup section */
		89A851E982176D551B2500DF /* Frameworks */ = {
			isa = PBXGroup;
			children = (
				94AF6BE5254D6A7612AF5888 /* Pods_snuboard.framework */,
				2EB9CEA3CFC6A431D0ABB18D /* Pods_snuboard_snuboardUITests.framework */,
				8D39AA2F7FCB0491E280803E /* Pods_snuboardTests.framework */,
			);
			name = Frameworks;
			sourceTree = "<group>";
		};
		9920C686CA315FC2FB0038FA /* Pods */ = {
			isa = PBXGroup;
			children = (
				767F64B1E43EF4967953AEB6 /* Pods-snuboard.debug.xcconfig */,
				71813F9A759432122E2CCE83 /* Pods-snuboard.release.xcconfig */,
				B2FCB8306D40BED4793B840B /* Pods-snuboard-snuboardUITests.debug.xcconfig */,
				D2597FF70741EAE2F231CECA /* Pods-snuboard-snuboardUITests.release.xcconfig */,
				5C5D31F06B0390B22637DB95 /* Pods-snuboardTests.debug.xcconfig */,
				D57F86D6497B39D576239C66 /* Pods-snuboardTests.release.xcconfig */,
			);
			path = Pods;
			sourceTree = "<group>";
		};
		CCC9BAB126E88B9F000C5336 /* Department */ = {
			isa = PBXGroup;
			children = (
				CCC9BAB226E88BCC000C5336 /* DepartmentListView.swift */,
			);
			path = Department;
			sourceTree = "<group>";
		};
		CCD0B31A26DCF0D600439A74 = {
			isa = PBXGroup;
			children = (
				CCD0B32526DCF0D600439A74 /* snuboard */,
				CCD0B33C26DCF0D900439A74 /* snuboardTests */,
				CCD0B34726DCF0D900439A74 /* snuboardUITests */,
				CCD0B32426DCF0D600439A74 /* Products */,
				9920C686CA315FC2FB0038FA /* Pods */,
				89A851E982176D551B2500DF /* Frameworks */,
			);
			sourceTree = "<group>";
		};
		CCD0B32426DCF0D600439A74 /* Products */ = {
			isa = PBXGroup;
			children = (
				CCD0B32326DCF0D600439A74 /* snuboard.app */,
				CCD0B33926DCF0D900439A74 /* snuboardTests.xctest */,
				CCD0B34426DCF0D900439A74 /* snuboardUITests.xctest */,
			);
			name = Products;
			sourceTree = "<group>";
		};
		CCD0B32526DCF0D600439A74 /* snuboard */ = {
			isa = PBXGroup;
			children = (
				CCD0B36926DD240400439A74 /* GoogleService-Info.plist */,
				CCD0B36826DD1DA700439A74 /* snuboard.entitlements */,
				CCD0B35726DCF2B900439A74 /* Resources */,
				CCD0B35626DCF2B300439A74 /* Sources */,
				CCD0B32626DCF0D600439A74 /* AppDelegate.swift */,
				CCD0B32826DCF0D600439A74 /* SceneDelegate.swift */,
				CCD0B33126DCF0D900439A74 /* LaunchScreen.storyboard */,
				CCD0B33426DCF0D900439A74 /* Info.plist */,
				CCD0B32E26DCF0D900439A74 /* Preview Content */,
			);
			path = snuboard;
			sourceTree = "<group>";
		};
		CCD0B32E26DCF0D900439A74 /* Preview Content */ = {
			isa = PBXGroup;
			children = (
				CCD0B32F26DCF0D900439A74 /* Preview Assets.xcassets */,
			);
			path = "Preview Content";
			sourceTree = "<group>";
		};
		CCD0B33C26DCF0D900439A74 /* snuboardTests */ = {
			isa = PBXGroup;
			children = (
				CCD0B33D26DCF0D900439A74 /* snuboardTests.swift */,
				CCD0B33F26DCF0D900439A74 /* Info.plist */,
			);
			path = snuboardTests;
			sourceTree = "<group>";
		};
		CCD0B34726DCF0D900439A74 /* snuboardUITests */ = {
			isa = PBXGroup;
			children = (
				CCD0B34826DCF0D900439A74 /* snuboardUITests.swift */,
				CCD0B34A26DCF0D900439A74 /* Info.plist */,
			);
			path = snuboardUITests;
			sourceTree = "<group>";
		};
		CCD0B35626DCF2B300439A74 /* Sources */ = {
			isa = PBXGroup;
			children = (
				CCD0B38726E2204700439A74 /* UIComponents */,
				CCD0B38426E21C9200439A74 /* ViewModels */,
				CCD0B37F26E21B7900439A74 /* Utils */,
				CCD0B37226DD337300439A74 /* UIViewRepresentables */,
				CCD0B36326DCF98200439A74 /* Consts */,
				CCD0B36026DCF48100439A74 /* Extensions */,
				CCD0B35F26DCF47A00439A74 /* ViewModifiers */,
				CCD0B35D26DCF44E00439A74 /* AppModels */,
				CCD0B35C26DCF44900439A74 /* APIModels */,
				CCD0B35B26DCF44100439A74 /* APIServices */,
				CCD0B35A26DCF40C00439A74 /* Views */,
			);
			path = Sources;
			sourceTree = "<group>";
		};
		CCD0B35726DCF2B900439A74 /* Resources */ = {
			isa = PBXGroup;
			children = (
				CCD0B32C26DCF0D900439A74 /* Assets.xcassets */,
				CCD0B35826DCF2D600439A74 /* Colours.xcassets */,
			);
			path = Resources;
			sourceTree = "<group>";
		};
		CCD0B35A26DCF40C00439A74 /* Views */ = {
			isa = PBXGroup;
			children = (
				CCD0B39126E237FF00439A74 /* Drawer */,
				CCD0B39026E2377C00439A74 /* Feed */,
				CCC9BAB126E88B9F000C5336 /* Department */,
				CCD0B36F26DD324300439A74 /* LaunchApp */,
				CCD0B38E26E236EE00439A74 /* HomeTabView.swift */,
			);
			path = Views;
			sourceTree = "<group>";
		};
		CCD0B35B26DCF44100439A74 /* APIServices */ = {
			isa = PBXGroup;
			children = (
				CCD0B37926DD3AAF00439A74 /* BaseAPI.swift */,
				CCD0B37B26DD3BAE00439A74 /* AuthAPI.swift */,
				CCC9BAB526E89334000C5336 /* DepartmentNoticeAPI.swift */,
			);
			path = APIServices;
			sourceTree = "<group>";
		};
		CCD0B35C26DCF44900439A74 /* APIModels */ = {
			isa = PBXGroup;
			children = (
				CCD0B37726DD3A4100439A74 /* UserDataModel.swift */,
			);
			path = APIModels;
			sourceTree = "<group>";
		};
		CCD0B35D26DCF44E00439A74 /* AppModels */ = {
			isa = PBXGroup;
			children = (
				CCC9BAAA26E885E9000C5336 /* Developer.swift */,
			);
			path = AppModels;
			sourceTree = "<group>";
		};
		CCD0B35F26DCF47A00439A74 /* ViewModifiers */ = {
			isa = PBXGroup;
			children = (
				CCD0B36126DCF7F500439A74 /* ButtonModifiers.swift */,
				CCD0B36D26DD2EF200439A74 /* ImageModifiers.swift */,
				CCD0B37D26E2102C00439A74 /* NavigationBarModifiers.swift */,
			);
			path = ViewModifiers;
			sourceTree = "<group>";
		};
		CCD0B36026DCF48100439A74 /* Extensions */ = {
			isa = PBXGroup;
			children = (
			);
			path = Extensions;
			sourceTree = "<group>";
		};
		CCD0B36326DCF98200439A74 /* Consts */ = {
			isa = PBXGroup;
			children = (
				CCD0B36426DCF98C00439A74 /* Const.swift */,
				CCD0B36626DCF99C00439A74 /* Colors.swift */,
			);
			path = Consts;
			sourceTree = "<group>";
		};
		CCD0B36F26DD324300439A74 /* LaunchApp */ = {
			isa = PBXGroup;
			children = (
				CCD0B37026DD325900439A74 /* PolicyAgree.swift */,
				CCD0B36B26DD2CB800439A74 /* LaunchView.swift */,
			);
			path = LaunchApp;
			sourceTree = "<group>";
		};
		CCD0B37226DD337300439A74 /* UIViewRepresentables */ = {
			isa = PBXGroup;
			children = (
				CCD0B37326DD338300439A74 /* HTMLView.swift */,
			);
			path = UIViewRepresentables;
			sourceTree = "<group>";
		};
		CCD0B37F26E21B7900439A74 /* Utils */ = {
			isa = PBXGroup;
			children = (
				CCD0B38026E21B8900439A74 /* KeychainService.swift */,
				CCD0B38226E21BBF00439A74 /* TokenUtils.swift */,
			);
			path = Utils;
			sourceTree = "<group>";
		};
		CCD0B38426E21C9200439A74 /* ViewModels */ = {
			isa = PBXGroup;
			children = (
				CCD0B38526E21CAC00439A74 /* SignUpViewModel.swift */,
				CCD0B38C26E2211D00439A74 /* EnvModel.swift */,
			);
			path = ViewModels;
			sourceTree = "<group>";
		};
		CCD0B38726E2204700439A74 /* UIComponents */ = {
			isa = PBXGroup;
			children = (
				CCD0B38826E2206800439A74 /* ActivityIndicator.swift */,
				CCD0B38A26E220B000439A74 /* ActivityIndicatorView.swift */,
			);
			path = UIComponents;
			sourceTree = "<group>";
		};
		CCD0B39026E2377C00439A74 /* Feed */ = {
			isa = PBXGroup;
			children = (
				CCD0B3F826E2457200439A74 /* FeedView.swift */,
			);
			path = Feed;
			sourceTree = "<group>";
		};
		CCD0B39126E237FF00439A74 /* Drawer */ = {
			isa = PBXGroup;
			children = (
				CCD0B39226E2380800439A74 /* DrawerContent.swift */,
				CCD0B39526E2384200439A74 /* NavigationDrawer.swift */,
				CC7FF35626E25E3E00B16CF5 /* VersionInfo.swift */,
				CCC9BAA626E88469000C5336 /* DeveloperData.swift */,
				CCC9BAA826E884A9000C5336 /* PrivacyPolicy.swift */,
				CCC9BAAC26E886E3000C5336 /* DeveloperInfoView.swift */,
				CCC9BAAF26E888CB000C5336 /* NotificationList.swift */,
			);
			path = Drawer;
			sourceTree = "<group>";
		};
/* End PBXGroup section */

/* Begin PBXNativeTarget section */
		CCD0B32226DCF0D600439A74 /* snuboard */ = {
			isa = PBXNativeTarget;
			buildConfigurationList = CCD0B34D26DCF0D900439A74 /* Build configuration list for PBXNativeTarget "snuboard" */;
			buildPhases = (
				8CAC365CDA12E34BE94BE91D /* [CP] Check Pods Manifest.lock */,
				CCD0B31F26DCF0D600439A74 /* Sources */,
				CCD0B32026DCF0D600439A74 /* Frameworks */,
				CCD0B32126DCF0D600439A74 /* Resources */,
				6E8943121804BBCF358D36AA /* [CP] Embed Pods Frameworks */,
			);
			buildRules = (
			);
			dependencies = (
			);
			name = snuboard;
			productName = snuboard;
			productReference = CCD0B32326DCF0D600439A74 /* snuboard.app */;
			productType = "com.apple.product-type.application";
		};
		CCD0B33826DCF0D900439A74 /* snuboardTests */ = {
			isa = PBXNativeTarget;
			buildConfigurationList = CCD0B35026DCF0D900439A74 /* Build configuration list for PBXNativeTarget "snuboardTests" */;
			buildPhases = (
				24C61D44C4745CCFD4AACB85 /* [CP] Check Pods Manifest.lock */,
				CCD0B33526DCF0D900439A74 /* Sources */,
				CCD0B33626DCF0D900439A74 /* Frameworks */,
				CCD0B33726DCF0D900439A74 /* Resources */,
			);
			buildRules = (
			);
			dependencies = (
				CCD0B33B26DCF0D900439A74 /* PBXTargetDependency */,
			);
			name = snuboardTests;
			productName = snuboardTests;
			productReference = CCD0B33926DCF0D900439A74 /* snuboardTests.xctest */;
			productType = "com.apple.product-type.bundle.unit-test";
		};
		CCD0B34326DCF0D900439A74 /* snuboardUITests */ = {
			isa = PBXNativeTarget;
			buildConfigurationList = CCD0B35326DCF0D900439A74 /* Build configuration list for PBXNativeTarget "snuboardUITests" */;
			buildPhases = (
				B9B3C5F93A3A62DC945AD2AF /* [CP] Check Pods Manifest.lock */,
				CCD0B34026DCF0D900439A74 /* Sources */,
				CCD0B34126DCF0D900439A74 /* Frameworks */,
				CCD0B34226DCF0D900439A74 /* Resources */,
				5C1C05E75D343021D774EF04 /* [CP] Embed Pods Frameworks */,
			);
			buildRules = (
			);
			dependencies = (
				CCD0B34626DCF0D900439A74 /* PBXTargetDependency */,
			);
			name = snuboardUITests;
			productName = snuboardUITests;
			productReference = CCD0B34426DCF0D900439A74 /* snuboardUITests.xctest */;
			productType = "com.apple.product-type.bundle.ui-testing";
		};
/* End PBXNativeTarget section */

/* Begin PBXProject section */
		CCD0B31B26DCF0D600439A74 /* Project object */ = {
			isa = PBXProject;
			attributes = {
				LastSwiftUpdateCheck = 1250;
				LastUpgradeCheck = 1250;
				TargetAttributes = {
					CCD0B32226DCF0D600439A74 = {
						CreatedOnToolsVersion = 12.5.1;
					};
					CCD0B33826DCF0D900439A74 = {
						CreatedOnToolsVersion = 12.5.1;
						TestTargetID = CCD0B32226DCF0D600439A74;
					};
					CCD0B34326DCF0D900439A74 = {
						CreatedOnToolsVersion = 12.5.1;
						TestTargetID = CCD0B32226DCF0D600439A74;
					};
				};
			};
			buildConfigurationList = CCD0B31E26DCF0D600439A74 /* Build configuration list for PBXProject "snuboard" */;
			compatibilityVersion = "Xcode 9.3";
			developmentRegion = en;
			hasScannedForEncodings = 0;
			knownRegions = (
				en,
				Base,
			);
			mainGroup = CCD0B31A26DCF0D600439A74;
			productRefGroup = CCD0B32426DCF0D600439A74 /* Products */;
			projectDirPath = "";
			projectRoot = "";
			targets = (
				CCD0B32226DCF0D600439A74 /* snuboard */,
				CCD0B33826DCF0D900439A74 /* snuboardTests */,
				CCD0B34326DCF0D900439A74 /* snuboardUITests */,
			);
		};
/* End PBXProject section */

/* Begin PBXResourcesBuildPhase section */
		CCD0B32126DCF0D600439A74 /* Resources */ = {
			isa = PBXResourcesBuildPhase;
			buildActionMask = 2147483647;
			files = (
				CCD0B33326DCF0D900439A74 /* LaunchScreen.storyboard in Resources */,
				CCD0B33026DCF0D900439A74 /* Preview Assets.xcassets in Resources */,
				CCD0B36A26DD240400439A74 /* GoogleService-Info.plist in Resources */,
				CCD0B32D26DCF0D900439A74 /* Assets.xcassets in Resources */,
				CCD0B35926DCF2D600439A74 /* Colours.xcassets in Resources */,
			);
			runOnlyForDeploymentPostprocessing = 0;
		};
		CCD0B33726DCF0D900439A74 /* Resources */ = {
			isa = PBXResourcesBuildPhase;
			buildActionMask = 2147483647;
			files = (
			);
			runOnlyForDeploymentPostprocessing = 0;
		};
		CCD0B34226DCF0D900439A74 /* Resources */ = {
			isa = PBXResourcesBuildPhase;
			buildActionMask = 2147483647;
			files = (
			);
			runOnlyForDeploymentPostprocessing = 0;
		};
/* End PBXResourcesBuildPhase section */

/* Begin PBXShellScriptBuildPhase section */
		24C61D44C4745CCFD4AACB85 /* [CP] Check Pods Manifest.lock */ = {
			isa = PBXShellScriptBuildPhase;
			buildActionMask = 2147483647;
			files = (
			);
			inputFileListPaths = (
			);
			inputPaths = (
				"${PODS_PODFILE_DIR_PATH}/Podfile.lock",
				"${PODS_ROOT}/Manifest.lock",
			);
			name = "[CP] Check Pods Manifest.lock";
			outputFileListPaths = (
			);
			outputPaths = (
				"$(DERIVED_FILE_DIR)/Pods-snuboardTests-checkManifestLockResult.txt",
			);
			runOnlyForDeploymentPostprocessing = 0;
			shellPath = /bin/sh;
			shellScript = "diff \"${PODS_PODFILE_DIR_PATH}/Podfile.lock\" \"${PODS_ROOT}/Manifest.lock\" > /dev/null\nif [ $? != 0 ] ; then\n    # print error to STDERR\n    echo \"error: The sandbox is not in sync with the Podfile.lock. Run 'pod install' or update your CocoaPods installation.\" >&2\n    exit 1\nfi\n# This output is used by Xcode 'outputs' to avoid re-running this script phase.\necho \"SUCCESS\" > \"${SCRIPT_OUTPUT_FILE_0}\"\n";
			showEnvVarsInLog = 0;
		};
		5C1C05E75D343021D774EF04 /* [CP] Embed Pods Frameworks */ = {
			isa = PBXShellScriptBuildPhase;
			buildActionMask = 2147483647;
			files = (
			);
			inputFileListPaths = (
				"${PODS_ROOT}/Target Support Files/Pods-snuboard-snuboardUITests/Pods-snuboard-snuboardUITests-frameworks-${CONFIGURATION}-input-files.xcfilelist",
			);
			name = "[CP] Embed Pods Frameworks";
			outputFileListPaths = (
				"${PODS_ROOT}/Target Support Files/Pods-snuboard-snuboardUITests/Pods-snuboard-snuboardUITests-frameworks-${CONFIGURATION}-output-files.xcfilelist",
			);
			runOnlyForDeploymentPostprocessing = 0;
			shellPath = /bin/sh;
			shellScript = "\"${PODS_ROOT}/Target Support Files/Pods-snuboard-snuboardUITests/Pods-snuboard-snuboardUITests-frameworks.sh\"\n";
			showEnvVarsInLog = 0;
		};
		6E8943121804BBCF358D36AA /* [CP] Embed Pods Frameworks */ = {
			isa = PBXShellScriptBuildPhase;
			buildActionMask = 2147483647;
			files = (
			);
			inputFileListPaths = (
				"${PODS_ROOT}/Target Support Files/Pods-snuboard/Pods-snuboard-frameworks-${CONFIGURATION}-input-files.xcfilelist",
			);
			name = "[CP] Embed Pods Frameworks";
			outputFileListPaths = (
				"${PODS_ROOT}/Target Support Files/Pods-snuboard/Pods-snuboard-frameworks-${CONFIGURATION}-output-files.xcfilelist",
			);
			runOnlyForDeploymentPostprocessing = 0;
			shellPath = /bin/sh;
			shellScript = "\"${PODS_ROOT}/Target Support Files/Pods-snuboard/Pods-snuboard-frameworks.sh\"\n";
			showEnvVarsInLog = 0;
		};
		8CAC365CDA12E34BE94BE91D /* [CP] Check Pods Manifest.lock */ = {
			isa = PBXShellScriptBuildPhase;
			buildActionMask = 2147483647;
			files = (
			);
			inputFileListPaths = (
			);
			inputPaths = (
				"${PODS_PODFILE_DIR_PATH}/Podfile.lock",
				"${PODS_ROOT}/Manifest.lock",
			);
			name = "[CP] Check Pods Manifest.lock";
			outputFileListPaths = (
			);
			outputPaths = (
				"$(DERIVED_FILE_DIR)/Pods-snuboard-checkManifestLockResult.txt",
			);
			runOnlyForDeploymentPostprocessing = 0;
			shellPath = /bin/sh;
			shellScript = "diff \"${PODS_PODFILE_DIR_PATH}/Podfile.lock\" \"${PODS_ROOT}/Manifest.lock\" > /dev/null\nif [ $? != 0 ] ; then\n    # print error to STDERR\n    echo \"error: The sandbox is not in sync with the Podfile.lock. Run 'pod install' or update your CocoaPods installation.\" >&2\n    exit 1\nfi\n# This output is used by Xcode 'outputs' to avoid re-running this script phase.\necho \"SUCCESS\" > \"${SCRIPT_OUTPUT_FILE_0}\"\n";
			showEnvVarsInLog = 0;
		};
		B9B3C5F93A3A62DC945AD2AF /* [CP] Check Pods Manifest.lock */ = {
			isa = PBXShellScriptBuildPhase;
			buildActionMask = 2147483647;
			files = (
			);
			inputFileListPaths = (
			);
			inputPaths = (
				"${PODS_PODFILE_DIR_PATH}/Podfile.lock",
				"${PODS_ROOT}/Manifest.lock",
			);
			name = "[CP] Check Pods Manifest.lock";
			outputFileListPaths = (
			);
			outputPaths = (
				"$(DERIVED_FILE_DIR)/Pods-snuboard-snuboardUITests-checkManifestLockResult.txt",
			);
			runOnlyForDeploymentPostprocessing = 0;
			shellPath = /bin/sh;
			shellScript = "diff \"${PODS_PODFILE_DIR_PATH}/Podfile.lock\" \"${PODS_ROOT}/Manifest.lock\" > /dev/null\nif [ $? != 0 ] ; then\n    # print error to STDERR\n    echo \"error: The sandbox is not in sync with the Podfile.lock. Run 'pod install' or update your CocoaPods installation.\" >&2\n    exit 1\nfi\n# This output is used by Xcode 'outputs' to avoid re-running this script phase.\necho \"SUCCESS\" > \"${SCRIPT_OUTPUT_FILE_0}\"\n";
			showEnvVarsInLog = 0;
		};
/* End PBXShellScriptBuildPhase section */

/* Begin PBXSourcesBuildPhase section */
		CCD0B31F26DCF0D600439A74 /* Sources */ = {
			isa = PBXSourcesBuildPhase;
			buildActionMask = 2147483647;
			files = (
				CCC9BAB326E88BCC000C5336 /* DepartmentListView.swift in Sources */,
				CCD0B32726DCF0D600439A74 /* AppDelegate.swift in Sources */,
				CCD0B37126DD325900439A74 /* PolicyAgree.swift in Sources */,
				CCC9BAA926E884A9000C5336 /* PrivacyPolicy.swift in Sources */,
				CCC9BAB026E888CB000C5336 /* NotificationList.swift in Sources */,
				CCD0B39326E2380800439A74 /* DrawerContent.swift in Sources */,
				CCD0B38626E21CAC00439A74 /* SignUpViewModel.swift in Sources */,
				CCD0B36726DCF99C00439A74 /* Colors.swift in Sources */,
				CCD0B32926DCF0D600439A74 /* SceneDelegate.swift in Sources */,
				CCC9BAAD26E886E3000C5336 /* DeveloperInfoView.swift in Sources */,
				CCD0B39626E2384200439A74 /* NavigationDrawer.swift in Sources */,
				CCD0B36C26DD2CB800439A74 /* LaunchView.swift in Sources */,
				CCC9BAAB26E885E9000C5336 /* Developer.swift in Sources */,
				CCD0B38326E21BBF00439A74 /* TokenUtils.swift in Sources */,
				CCD0B38F26E236EE00439A74 /* HomeTabView.swift in Sources */,
				CCD0B37426DD338300439A74 /* HTMLView.swift in Sources */,
				CCD0B36E26DD2EF200439A74 /* ImageModifiers.swift in Sources */,
				CCC9BAA726E88469000C5336 /* DeveloperData.swift in Sources */,
				CCD0B3F926E2457200439A74 /* FeedView.swift in Sources */,
				CCD0B36226DCF7F500439A74 /* ButtonModifiers.swift in Sources */,
				CC7FF35726E25E3E00B16CF5 /* VersionInfo.swift in Sources */,
				CCD0B37E26E2102C00439A74 /* NavigationBarModifiers.swift in Sources */,
				CCD0B37C26DD3BAE00439A74 /* AuthAPI.swift in Sources */,
				CCD0B37A26DD3AAF00439A74 /* BaseAPI.swift in Sources */,
				CCD0B38D26E2211D00439A74 /* EnvModel.swift in Sources */,
				CCD0B38126E21B8900439A74 /* KeychainService.swift in Sources */,
				CCD0B37826DD3A4100439A74 /* UserDataModel.swift in Sources */,
				CCC9BAB626E89334000C5336 /* DepartmentNoticeAPI.swift in Sources */,
				CCD0B38B26E220B000439A74 /* ActivityIndicatorView.swift in Sources */,
				CCD0B36526DCF98C00439A74 /* Const.swift in Sources */,
				CCD0B38926E2206800439A74 /* ActivityIndicator.swift in Sources */,
			);
			runOnlyForDeploymentPostprocessing = 0;
		};
		CCD0B33526DCF0D900439A74 /* Sources */ = {
			isa = PBXSourcesBuildPhase;
			buildActionMask = 2147483647;
			files = (
				CCD0B33E26DCF0D900439A74 /* snuboardTests.swift in Sources */,
			);
			runOnlyForDeploymentPostprocessing = 0;
		};
		CCD0B34026DCF0D900439A74 /* Sources */ = {
			isa = PBXSourcesBuildPhase;
			buildActionMask = 2147483647;
			files = (
				CCD0B34926DCF0D900439A74 /* snuboardUITests.swift in Sources */,
			);
			runOnlyForDeploymentPostprocessing = 0;
		};
/* End PBXSourcesBuildPhase section */

/* Begin PBXTargetDependency section */
		CCD0B33B26DCF0D900439A74 /* PBXTargetDependency */ = {
			isa = PBXTargetDependency;
			target = CCD0B32226DCF0D600439A74 /* snuboard */;
			targetProxy = CCD0B33A26DCF0D900439A74 /* PBXContainerItemProxy */;
		};
		CCD0B34626DCF0D900439A74 /* PBXTargetDependency */ = {
			isa = PBXTargetDependency;
			target = CCD0B32226DCF0D600439A74 /* snuboard */;
			targetProxy = CCD0B34526DCF0D900439A74 /* PBXContainerItemProxy */;
		};
/* End PBXTargetDependency section */

/* Begin PBXVariantGroup section */
		CCD0B33126DCF0D900439A74 /* LaunchScreen.storyboard */ = {
			isa = PBXVariantGroup;
			children = (
				CCD0B33226DCF0D900439A74 /* Base */,
			);
			name = LaunchScreen.storyboard;
			sourceTree = "<group>";
		};
/* End PBXVariantGroup section */

/* Begin XCBuildConfiguration section */
		CCD0B34B26DCF0D900439A74 /* Debug */ = {
			isa = XCBuildConfiguration;
			buildSettings = {
				ALWAYS_SEARCH_USER_PATHS = NO;
				CLANG_ANALYZER_NONNULL = YES;
				CLANG_ANALYZER_NUMBER_OBJECT_CONVERSION = YES_AGGRESSIVE;
				CLANG_CXX_LANGUAGE_STANDARD = "gnu++14";
				CLANG_CXX_LIBRARY = "libc++";
				CLANG_ENABLE_MODULES = YES;
				CLANG_ENABLE_OBJC_ARC = YES;
				CLANG_ENABLE_OBJC_WEAK = YES;
				CLANG_WARN_BLOCK_CAPTURE_AUTORELEASING = YES;
				CLANG_WARN_BOOL_CONVERSION = YES;
				CLANG_WARN_COMMA = YES;
				CLANG_WARN_CONSTANT_CONVERSION = YES;
				CLANG_WARN_DEPRECATED_OBJC_IMPLEMENTATIONS = YES;
				CLANG_WARN_DIRECT_OBJC_ISA_USAGE = YES_ERROR;
				CLANG_WARN_DOCUMENTATION_COMMENTS = YES;
				CLANG_WARN_EMPTY_BODY = YES;
				CLANG_WARN_ENUM_CONVERSION = YES;
				CLANG_WARN_INFINITE_RECURSION = YES;
				CLANG_WARN_INT_CONVERSION = YES;
				CLANG_WARN_NON_LITERAL_NULL_CONVERSION = YES;
				CLANG_WARN_OBJC_IMPLICIT_RETAIN_SELF = YES;
				CLANG_WARN_OBJC_LITERAL_CONVERSION = YES;
				CLANG_WARN_OBJC_ROOT_CLASS = YES_ERROR;
				CLANG_WARN_QUOTED_INCLUDE_IN_FRAMEWORK_HEADER = YES;
				CLANG_WARN_RANGE_LOOP_ANALYSIS = YES;
				CLANG_WARN_STRICT_PROTOTYPES = YES;
				CLANG_WARN_SUSPICIOUS_MOVE = YES;
				CLANG_WARN_UNGUARDED_AVAILABILITY = YES_AGGRESSIVE;
				CLANG_WARN_UNREACHABLE_CODE = YES;
				CLANG_WARN__DUPLICATE_METHOD_MATCH = YES;
				COPY_PHASE_STRIP = NO;
				DEBUG_INFORMATION_FORMAT = dwarf;
				ENABLE_STRICT_OBJC_MSGSEND = YES;
				ENABLE_TESTABILITY = YES;
				GCC_C_LANGUAGE_STANDARD = gnu11;
				GCC_DYNAMIC_NO_PIC = NO;
				GCC_NO_COMMON_BLOCKS = YES;
				GCC_OPTIMIZATION_LEVEL = 0;
				GCC_PREPROCESSOR_DEFINITIONS = (
					"DEBUG=1",
					"$(inherited)",
				);
				GCC_WARN_64_TO_32_BIT_CONVERSION = YES;
				GCC_WARN_ABOUT_RETURN_TYPE = YES_ERROR;
				GCC_WARN_UNDECLARED_SELECTOR = YES;
				GCC_WARN_UNINITIALIZED_AUTOS = YES_AGGRESSIVE;
				GCC_WARN_UNUSED_FUNCTION = YES;
				GCC_WARN_UNUSED_VARIABLE = YES;
				IPHONEOS_DEPLOYMENT_TARGET = 14.5;
				MTL_ENABLE_DEBUG_INFO = INCLUDE_SOURCE;
				MTL_FAST_MATH = YES;
				ONLY_ACTIVE_ARCH = YES;
				SDKROOT = iphoneos;
				SWIFT_ACTIVE_COMPILATION_CONDITIONS = DEBUG;
				SWIFT_OPTIMIZATION_LEVEL = "-Onone";
			};
			name = Debug;
		};
		CCD0B34C26DCF0D900439A74 /* Release */ = {
			isa = XCBuildConfiguration;
			buildSettings = {
				ALWAYS_SEARCH_USER_PATHS = NO;
				CLANG_ANALYZER_NONNULL = YES;
				CLANG_ANALYZER_NUMBER_OBJECT_CONVERSION = YES_AGGRESSIVE;
				CLANG_CXX_LANGUAGE_STANDARD = "gnu++14";
				CLANG_CXX_LIBRARY = "libc++";
				CLANG_ENABLE_MODULES = YES;
				CLANG_ENABLE_OBJC_ARC = YES;
				CLANG_ENABLE_OBJC_WEAK = YES;
				CLANG_WARN_BLOCK_CAPTURE_AUTORELEASING = YES;
				CLANG_WARN_BOOL_CONVERSION = YES;
				CLANG_WARN_COMMA = YES;
				CLANG_WARN_CONSTANT_CONVERSION = YES;
				CLANG_WARN_DEPRECATED_OBJC_IMPLEMENTATIONS = YES;
				CLANG_WARN_DIRECT_OBJC_ISA_USAGE = YES_ERROR;
				CLANG_WARN_DOCUMENTATION_COMMENTS = YES;
				CLANG_WARN_EMPTY_BODY = YES;
				CLANG_WARN_ENUM_CONVERSION = YES;
				CLANG_WARN_INFINITE_RECURSION = YES;
				CLANG_WARN_INT_CONVERSION = YES;
				CLANG_WARN_NON_LITERAL_NULL_CONVERSION = YES;
				CLANG_WARN_OBJC_IMPLICIT_RETAIN_SELF = YES;
				CLANG_WARN_OBJC_LITERAL_CONVERSION = YES;
				CLANG_WARN_OBJC_ROOT_CLASS = YES_ERROR;
				CLANG_WARN_QUOTED_INCLUDE_IN_FRAMEWORK_HEADER = YES;
				CLANG_WARN_RANGE_LOOP_ANALYSIS = YES;
				CLANG_WARN_STRICT_PROTOTYPES = YES;
				CLANG_WARN_SUSPICIOUS_MOVE = YES;
				CLANG_WARN_UNGUARDED_AVAILABILITY = YES_AGGRESSIVE;
				CLANG_WARN_UNREACHABLE_CODE = YES;
				CLANG_WARN__DUPLICATE_METHOD_MATCH = YES;
				COPY_PHASE_STRIP = NO;
				DEBUG_INFORMATION_FORMAT = "dwarf-with-dsym";
				ENABLE_NS_ASSERTIONS = NO;
				ENABLE_STRICT_OBJC_MSGSEND = YES;
				GCC_C_LANGUAGE_STANDARD = gnu11;
				GCC_NO_COMMON_BLOCKS = YES;
				GCC_WARN_64_TO_32_BIT_CONVERSION = YES;
				GCC_WARN_ABOUT_RETURN_TYPE = YES_ERROR;
				GCC_WARN_UNDECLARED_SELECTOR = YES;
				GCC_WARN_UNINITIALIZED_AUTOS = YES_AGGRESSIVE;
				GCC_WARN_UNUSED_FUNCTION = YES;
				GCC_WARN_UNUSED_VARIABLE = YES;
				IPHONEOS_DEPLOYMENT_TARGET = 14.5;
				MTL_ENABLE_DEBUG_INFO = NO;
				MTL_FAST_MATH = YES;
				SDKROOT = iphoneos;
				SWIFT_COMPILATION_MODE = wholemodule;
				SWIFT_OPTIMIZATION_LEVEL = "-O";
				VALIDATE_PRODUCT = YES;
			};
			name = Release;
		};
		CCD0B34E26DCF0D900439A74 /* Debug */ = {
			isa = XCBuildConfiguration;
			baseConfigurationReference = 767F64B1E43EF4967953AEB6 /* Pods-snuboard.debug.xcconfig */;
			buildSettings = {
				ASSETCATALOG_COMPILER_APPICON_NAME = AppIcon;
				ASSETCATALOG_COMPILER_GLOBAL_ACCENT_COLOR_NAME = AccentColor;
				CODE_SIGN_ENTITLEMENTS = snuboard/snuboard.entitlements;
				CODE_SIGN_STYLE = Automatic;
				DEVELOPMENT_ASSET_PATHS = "\"snuboard/Preview Content\"";
				DEVELOPMENT_TEAM = ZB44VD5WX7;
				ENABLE_PREVIEWS = YES;
				INFOPLIST_FILE = snuboard/Info.plist;
				IPHONEOS_DEPLOYMENT_TARGET = 14.1;
				LD_RUNPATH_SEARCH_PATHS = (
					"$(inherited)",
					"@executable_path/Frameworks",
				);
				PRODUCT_BUNDLE_IDENTIFIER = com.wafflestudio.snuboard;
				PRODUCT_NAME = "$(TARGET_NAME)";
				SWIFT_VERSION = 5.0;
				TARGETED_DEVICE_FAMILY = 1;
			};
			name = Debug;
		};
		CCD0B34F26DCF0D900439A74 /* Release */ = {
			isa = XCBuildConfiguration;
			baseConfigurationReference = 71813F9A759432122E2CCE83 /* Pods-snuboard.release.xcconfig */;
			buildSettings = {
				ASSETCATALOG_COMPILER_APPICON_NAME = AppIcon;
				ASSETCATALOG_COMPILER_GLOBAL_ACCENT_COLOR_NAME = AccentColor;
				CODE_SIGN_ENTITLEMENTS = snuboard/snuboard.entitlements;
				CODE_SIGN_STYLE = Automatic;
				DEVELOPMENT_ASSET_PATHS = "\"snuboard/Preview Content\"";
				DEVELOPMENT_TEAM = ZB44VD5WX7;
				ENABLE_PREVIEWS = YES;
				INFOPLIST_FILE = snuboard/Info.plist;
				IPHONEOS_DEPLOYMENT_TARGET = 14.1;
				LD_RUNPATH_SEARCH_PATHS = (
					"$(inherited)",
					"@executable_path/Frameworks",
				);
				PRODUCT_BUNDLE_IDENTIFIER = com.wafflestudio.snuboard;
				PRODUCT_NAME = "$(TARGET_NAME)";
				SWIFT_ACTIVE_COMPILATION_CONDITIONS = RELEASE;
				SWIFT_VERSION = 5.0;
				TARGETED_DEVICE_FAMILY = 1;
			};
			name = Release;
		};
		CCD0B35126DCF0D900439A74 /* Debug */ = {
			isa = XCBuildConfiguration;
			baseConfigurationReference = 5C5D31F06B0390B22637DB95 /* Pods-snuboardTests.debug.xcconfig */;
			buildSettings = {
				ALWAYS_EMBED_SWIFT_STANDARD_LIBRARIES = "$(inherited)";
				BUNDLE_LOADER = "$(TEST_HOST)";
				CODE_SIGN_STYLE = Automatic;
				DEVELOPMENT_TEAM = ZB44VD5WX7;
				INFOPLIST_FILE = snuboardTests/Info.plist;
				IPHONEOS_DEPLOYMENT_TARGET = 14.5;
				LD_RUNPATH_SEARCH_PATHS = (
					"$(inherited)",
					"@executable_path/Frameworks",
					"@loader_path/Frameworks",
				);
				PRODUCT_BUNDLE_IDENTIFIER = com.wafflestudio.snuboardTests;
				PRODUCT_NAME = "$(TARGET_NAME)";
				SWIFT_VERSION = 5.0;
				TARGETED_DEVICE_FAMILY = "1,2";
				TEST_HOST = "$(BUILT_PRODUCTS_DIR)/snuboard.app/snuboard";
			};
			name = Debug;
		};
		CCD0B35226DCF0D900439A74 /* Release */ = {
			isa = XCBuildConfiguration;
			baseConfigurationReference = D57F86D6497B39D576239C66 /* Pods-snuboardTests.release.xcconfig */;
			buildSettings = {
				ALWAYS_EMBED_SWIFT_STANDARD_LIBRARIES = "$(inherited)";
				BUNDLE_LOADER = "$(TEST_HOST)";
				CODE_SIGN_STYLE = Automatic;
				DEVELOPMENT_TEAM = ZB44VD5WX7;
				INFOPLIST_FILE = snuboardTests/Info.plist;
				IPHONEOS_DEPLOYMENT_TARGET = 14.5;
				LD_RUNPATH_SEARCH_PATHS = (
					"$(inherited)",
					"@executable_path/Frameworks",
					"@loader_path/Frameworks",
				);
				PRODUCT_BUNDLE_IDENTIFIER = com.wafflestudio.snuboardTests;
				PRODUCT_NAME = "$(TARGET_NAME)";
				SWIFT_VERSION = 5.0;
				TARGETED_DEVICE_FAMILY = "1,2";
				TEST_HOST = "$(BUILT_PRODUCTS_DIR)/snuboard.app/snuboard";
			};
			name = Release;
		};
		CCD0B35426DCF0D900439A74 /* Debug */ = {
			isa = XCBuildConfiguration;
			baseConfigurationReference = B2FCB8306D40BED4793B840B /* Pods-snuboard-snuboardUITests.debug.xcconfig */;
			buildSettings = {
				ALWAYS_EMBED_SWIFT_STANDARD_LIBRARIES = "$(inherited)";
				CODE_SIGN_STYLE = Automatic;
				DEVELOPMENT_TEAM = ZB44VD5WX7;
				INFOPLIST_FILE = snuboardUITests/Info.plist;
				LD_RUNPATH_SEARCH_PATHS = (
					"$(inherited)",
					"@executable_path/Frameworks",
					"@loader_path/Frameworks",
				);
				PRODUCT_BUNDLE_IDENTIFIER = com.wafflestudio.snuboardUITests;
				PRODUCT_NAME = "$(TARGET_NAME)";
				SWIFT_VERSION = 5.0;
				TARGETED_DEVICE_FAMILY = "1,2";
				TEST_TARGET_NAME = snuboard;
			};
			name = Debug;
		};
		CCD0B35526DCF0D900439A74 /* Release */ = {
			isa = XCBuildConfiguration;
			baseConfigurationReference = D2597FF70741EAE2F231CECA /* Pods-snuboard-snuboardUITests.release.xcconfig */;
			buildSettings = {
				ALWAYS_EMBED_SWIFT_STANDARD_LIBRARIES = "$(inherited)";
				CODE_SIGN_STYLE = Automatic;
				DEVELOPMENT_TEAM = ZB44VD5WX7;
				INFOPLIST_FILE = snuboardUITests/Info.plist;
				LD_RUNPATH_SEARCH_PATHS = (
					"$(inherited)",
					"@executable_path/Frameworks",
					"@loader_path/Frameworks",
				);
				PRODUCT_BUNDLE_IDENTIFIER = com.wafflestudio.snuboardUITests;
				PRODUCT_NAME = "$(TARGET_NAME)";
				SWIFT_VERSION = 5.0;
				TARGETED_DEVICE_FAMILY = "1,2";
				TEST_TARGET_NAME = snuboard;
			};
			name = Release;
		};
/* End XCBuildConfiguration section */

/* Begin XCConfigurationList section */
		CCD0B31E26DCF0D600439A74 /* Build configuration list for PBXProject "snuboard" */ = {
			isa = XCConfigurationList;
			buildConfigurations = (
				CCD0B34B26DCF0D900439A74 /* Debug */,
				CCD0B34C26DCF0D900439A74 /* Release */,
			);
			defaultConfigurationIsVisible = 0;
			defaultConfigurationName = Release;
		};
		CCD0B34D26DCF0D900439A74 /* Build configuration list for PBXNativeTarget "snuboard" */ = {
			isa = XCConfigurationList;
			buildConfigurations = (
				CCD0B34E26DCF0D900439A74 /* Debug */,
				CCD0B34F26DCF0D900439A74 /* Release */,
			);
			defaultConfigurationIsVisible = 0;
			defaultConfigurationName = Release;
		};
		CCD0B35026DCF0D900439A74 /* Build configuration list for PBXNativeTarget "snuboardTests" */ = {
			isa = XCConfigurationList;
			buildConfigurations = (
				CCD0B35126DCF0D900439A74 /* Debug */,
				CCD0B35226DCF0D900439A74 /* Release */,
			);
			defaultConfigurationIsVisible = 0;
			defaultConfigurationName = Release;
		};
		CCD0B35326DCF0D900439A74 /* Build configuration list for PBXNativeTarget "snuboardUITests" */ = {
			isa = XCConfigurationList;
			buildConfigurations = (
				CCD0B35426DCF0D900439A74 /* Debug */,
				CCD0B35526DCF0D900439A74 /* Release */,
			);
			defaultConfigurationIsVisible = 0;
			defaultConfigurationName = Release;
		};
/* End XCConfigurationList section */
	};
	rootObject = CCD0B31B26DCF0D600439A74 /* Project object */;
}
